// !$*UTF8*$!
{
	archiveVersion = 1;
	classes = {
	};
	objectVersion = 51;
	objects = {

/* Begin PBXBuildFile section */
		8C06A09122B55D9B009A0921 /* Assets.xcassets in Resources */ = {isa = PBXBuildFile; fileRef = 8CBA16F522B55C01004C8CEC /* Assets.xcassets */; };
		8C1DB82322B830D000BA62F3 /* MainMenuController.swift in Sources */ = {isa = PBXBuildFile; fileRef = 8C1DB82222B830D000BA62F3 /* MainMenuController.swift */; };
		8C20D7E522B9363C0075D13D /* SettingsMenuController.swift in Sources */ = {isa = PBXBuildFile; fileRef = 8C20D7E422B9363C0075D13D /* SettingsMenuController.swift */; };
		8C20D7E822B9369E0075D13D /* Database.swift in Sources */ = {isa = PBXBuildFile; fileRef = 8C20D7E722B9369E0075D13D /* Database.swift */; };
		8C20D80822B93E530075D13D /* SQLite.framework in Frameworks */ = {isa = PBXBuildFile; fileRef = 8C20D80022B93DB10075D13D /* SQLite.framework */; };
		8C20D80922B93E590075D13D /* SQLite.framework in Frameworks */ = {isa = PBXBuildFile; fileRef = 8C20D80022B93DB10075D13D /* SQLite.framework */; };
		8C20D80A22B93E590075D13D /* SQLite.framework in Embed Frameworks */ = {isa = PBXBuildFile; fileRef = 8C20D80022B93DB10075D13D /* SQLite.framework */; settings = {ATTRIBUTES = (CodeSignOnCopy, RemoveHeadersOnCopy, ); }; };
		8CBA16DD22B55BED004C8CEC /* AppDelegate.swift in Sources */ = {isa = PBXBuildFile; fileRef = 8CBA16DC22B55BED004C8CEC /* AppDelegate.swift */; };
		8CBA16DF22B55BED004C8CEC /* ViewController.swift in Sources */ = {isa = PBXBuildFile; fileRef = 8CBA16DE22B55BED004C8CEC /* ViewController.swift */; };
		8CBA16E222B55BED004C8CEC /* Main.storyboard in Resources */ = {isa = PBXBuildFile; fileRef = 8CBA16E022B55BED004C8CEC /* Main.storyboard */; };
		8CBA16E422B55BEE004C8CEC /* Assets.xcassets in Resources */ = {isa = PBXBuildFile; fileRef = 8CBA16E322B55BEE004C8CEC /* Assets.xcassets */; };
		8CBA16E722B55BEE004C8CEC /* LaunchScreen.storyboard in Resources */ = {isa = PBXBuildFile; fileRef = 8CBA16E522B55BEE004C8CEC /* LaunchScreen.storyboard */; };
		8CBA16F422B55C01004C8CEC /* Interface.storyboard in Resources */ = {isa = PBXBuildFile; fileRef = 8CBA16F222B55C01004C8CEC /* Interface.storyboard */; };
		8CBA16F622B55C01004C8CEC /* Assets.xcassets in Resources */ = {isa = PBXBuildFile; fileRef = 8CBA16F522B55C01004C8CEC /* Assets.xcassets */; };
		8CBA16FD22B55C02004C8CEC /* MiniSpaceJourney Extension.appex in Embed App Extensions */ = {isa = PBXBuildFile; fileRef = 8CBA16FC22B55C01004C8CEC /* MiniSpaceJourney Extension.appex */; settings = {ATTRIBUTES = (RemoveHeadersOnCopy, ); }; };
		8CBA170222B55C02004C8CEC /* GameScreenController.swift in Sources */ = {isa = PBXBuildFile; fileRef = 8CBA170122B55C02004C8CEC /* GameScreenController.swift */; };
		8CBA170422B55C02004C8CEC /* GameScene.sks in Resources */ = {isa = PBXBuildFile; fileRef = 8CBA170322B55C02004C8CEC /* GameScene.sks */; };
		8CBA170622B55C02004C8CEC /* GameScene.swift in Sources */ = {isa = PBXBuildFile; fileRef = 8CBA170522B55C02004C8CEC /* GameScene.swift */; };
		8CBA170822B55C02004C8CEC /* ExtensionDelegate.swift in Sources */ = {isa = PBXBuildFile; fileRef = 8CBA170722B55C02004C8CEC /* ExtensionDelegate.swift */; };
		8CBA170A22B55C02004C8CEC /* Assets.xcassets in Resources */ = {isa = PBXBuildFile; fileRef = 8CBA170922B55C02004C8CEC /* Assets.xcassets */; };
		8CBA170E22B55C02004C8CEC /* MiniSpaceJourney.app in Embed Watch Content */ = {isa = PBXBuildFile; fileRef = 8CBA16F022B55C01004C8CEC /* MiniSpaceJourney.app */; };
		8CFD964922B7E0D9004F3A47 /* explosion.sks in Resources */ = {isa = PBXBuildFile; fileRef = 8CFD964822B7E0D9004F3A47 /* explosion.sks */; };
/* End PBXBuildFile section */

/* Begin PBXContainerItemProxy section */
		8C20D7F322B93DB10075D13D /* PBXContainerItemProxy */ = {
			isa = PBXContainerItemProxy;
			containerPortal = 8C20D7E922B93DB10075D13D /* SQLite.xcodeproj */;
			proxyType = 2;
			remoteGlobalIDString = EE247AD31C3F04ED00AE3E12;
			remoteInfo = "SQLite iOS";
		};
		8C20D7F522B93DB10075D13D /* PBXContainerItemProxy */ = {
			isa = PBXContainerItemProxy;
			containerPortal = 8C20D7E922B93DB10075D13D /* SQLite.xcodeproj */;
			proxyType = 2;
			remoteGlobalIDString = EE247ADD1C3F04ED00AE3E12;
			remoteInfo = "SQLiteTests iOS";
		};
		8C20D7F722B93DB10075D13D /* PBXContainerItemProxy */ = {
			isa = PBXContainerItemProxy;
			containerPortal = 8C20D7E922B93DB10075D13D /* SQLite.xcodeproj */;
			proxyType = 2;
			remoteGlobalIDString = EE247B3C1C3F3ED000AE3E12;
			remoteInfo = "SQLite Mac";
		};
		8C20D7F922B93DB10075D13D /* PBXContainerItemProxy */ = {
			isa = PBXContainerItemProxy;
			containerPortal = 8C20D7E922B93DB10075D13D /* SQLite.xcodeproj */;
			proxyType = 2;
			remoteGlobalIDString = EE247B451C3F3ED000AE3E12;
			remoteInfo = "SQLiteTests Mac";
		};
		8C20D7FB22B93DB10075D13D /* PBXContainerItemProxy */ = {
			isa = PBXContainerItemProxy;
			containerPortal = 8C20D7E922B93DB10075D13D /* SQLite.xcodeproj */;
			proxyType = 2;
			remoteGlobalIDString = 03A65E5A1C6BB0F50062603F;
			remoteInfo = "SQLite tvOS";
		};
		8C20D7FD22B93DB10075D13D /* PBXContainerItemProxy */ = {
			isa = PBXContainerItemProxy;
			containerPortal = 8C20D7E922B93DB10075D13D /* SQLite.xcodeproj */;
			proxyType = 2;
			remoteGlobalIDString = 03A65E631C6BB0F60062603F;
			remoteInfo = "SQLiteTests tvOS";
		};
		8C20D7FF22B93DB10075D13D /* PBXContainerItemProxy */ = {
			isa = PBXContainerItemProxy;
			containerPortal = 8C20D7E922B93DB10075D13D /* SQLite.xcodeproj */;
			proxyType = 2;
			remoteGlobalIDString = A121AC451CA35C79005A31D1;
			remoteInfo = "SQLite watchOS";
		};
		8C20D80B22B93E590075D13D /* PBXContainerItemProxy */ = {
			isa = PBXContainerItemProxy;
			containerPortal = 8C20D7E922B93DB10075D13D /* SQLite.xcodeproj */;
			proxyType = 1;
			remoteGlobalIDString = A121AC441CA35C79005A31D1;
			remoteInfo = "SQLite watchOS";
		};
		8CBA16FE22B55C02004C8CEC /* PBXContainerItemProxy */ = {
			isa = PBXContainerItemProxy;
			containerPortal = 8CBA16D122B55BED004C8CEC /* Project object */;
			proxyType = 1;
			remoteGlobalIDString = 8CBA16FB22B55C01004C8CEC;
			remoteInfo = "MiniSpaceJourney Extension";
		};
		8CBA170C22B55C02004C8CEC /* PBXContainerItemProxy */ = {
			isa = PBXContainerItemProxy;
			containerPortal = 8CBA16D122B55BED004C8CEC /* Project object */;
			proxyType = 1;
			remoteGlobalIDString = 8CBA16EF22B55C01004C8CEC;
			remoteInfo = MiniSpaceJourney;
		};
/* End PBXContainerItemProxy section */

/* Begin PBXCopyFilesBuildPhase section */
		8C20D80D22B93E5A0075D13D /* Embed Frameworks */ = {
			isa = PBXCopyFilesBuildPhase;
			buildActionMask = 2147483647;
			dstPath = "";
			dstSubfolderSpec = 10;
			files = (
				8C20D80A22B93E590075D13D /* SQLite.framework in Embed Frameworks */,
			);
			name = "Embed Frameworks";
			runOnlyForDeploymentPostprocessing = 0;
		};
		8CBA171222B55C02004C8CEC /* Embed App Extensions */ = {
			isa = PBXCopyFilesBuildPhase;
			buildActionMask = 2147483647;
			dstPath = "";
			dstSubfolderSpec = 13;
			files = (
				8CBA16FD22B55C02004C8CEC /* MiniSpaceJourney Extension.appex in Embed App Extensions */,
			);
			name = "Embed App Extensions";
			runOnlyForDeploymentPostprocessing = 0;
		};
		8CBA171622B55C02004C8CEC /* Embed Watch Content */ = {
			isa = PBXCopyFilesBuildPhase;
			buildActionMask = 2147483647;
			dstPath = "$(CONTENTS_FOLDER_PATH)/Watch";
			dstSubfolderSpec = 16;
			files = (
				8CBA170E22B55C02004C8CEC /* MiniSpaceJourney.app in Embed Watch Content */,
			);
			name = "Embed Watch Content";
			runOnlyForDeploymentPostprocessing = 0;
		};
/* End PBXCopyFilesBuildPhase section */

/* Begin PBXFileReference section */
		8C1DB82222B830D000BA62F3 /* MainMenuController.swift */ = {isa = PBXFileReference; lastKnownFileType = sourcecode.swift; path = MainMenuController.swift; sourceTree = "<group>"; };
		8C20D7E422B9363C0075D13D /* SettingsMenuController.swift */ = {isa = PBXFileReference; lastKnownFileType = sourcecode.swift; path = SettingsMenuController.swift; sourceTree = "<group>"; };
		8C20D7E722B9369E0075D13D /* Database.swift */ = {isa = PBXFileReference; lastKnownFileType = sourcecode.swift; path = Database.swift; sourceTree = "<group>"; };
		8C20D7E922B93DB10075D13D /* SQLite.xcodeproj */ = {isa = PBXFileReference; lastKnownFileType = "wrapper.pb-project"; name = SQLite.xcodeproj; path = "../../Downloads/SQLite.swift-master/SQLite.xcodeproj"; sourceTree = "<group>"; };
		8CBA16D922B55BED004C8CEC /* MiniSpaceJourneyApp.app */ = {isa = PBXFileReference; explicitFileType = wrapper.application; includeInIndex = 0; path = MiniSpaceJourneyApp.app; sourceTree = BUILT_PRODUCTS_DIR; };
		8CBA16DC22B55BED004C8CEC /* AppDelegate.swift */ = {isa = PBXFileReference; lastKnownFileType = sourcecode.swift; path = AppDelegate.swift; sourceTree = "<group>"; };
		8CBA16DE22B55BED004C8CEC /* ViewController.swift */ = {isa = PBXFileReference; lastKnownFileType = sourcecode.swift; path = ViewController.swift; sourceTree = "<group>"; };
		8CBA16E122B55BED004C8CEC /* Base */ = {isa = PBXFileReference; lastKnownFileType = file.storyboard; name = Base; path = Base.lproj/Main.storyboard; sourceTree = "<group>"; };
		8CBA16E322B55BEE004C8CEC /* Assets.xcassets */ = {isa = PBXFileReference; lastKnownFileType = folder.assetcatalog; path = Assets.xcassets; sourceTree = "<group>"; };
		8CBA16E622B55BEE004C8CEC /* Base */ = {isa = PBXFileReference; lastKnownFileType = file.storyboard; name = Base; path = Base.lproj/LaunchScreen.storyboard; sourceTree = "<group>"; };
		8CBA16E822B55BEE004C8CEC /* Info.plist */ = {isa = PBXFileReference; lastKnownFileType = text.plist.xml; path = Info.plist; sourceTree = "<group>"; };
		8CBA16F022B55C01004C8CEC /* MiniSpaceJourney.app */ = {isa = PBXFileReference; explicitFileType = wrapper.application; includeInIndex = 0; path = MiniSpaceJourney.app; sourceTree = BUILT_PRODUCTS_DIR; };
		8CBA16F322B55C01004C8CEC /* Base */ = {isa = PBXFileReference; lastKnownFileType = file.storyboard; name = Base; path = Base.lproj/Interface.storyboard; sourceTree = "<group>"; };
		8CBA16F522B55C01004C8CEC /* Assets.xcassets */ = {isa = PBXFileReference; lastKnownFileType = folder.assetcatalog; path = Assets.xcassets; sourceTree = "<group>"; };
		8CBA16F722B55C01004C8CEC /* Info.plist */ = {isa = PBXFileReference; lastKnownFileType = text.plist.xml; path = Info.plist; sourceTree = "<group>"; };
		8CBA16FC22B55C01004C8CEC /* MiniSpaceJourney Extension.appex */ = {isa = PBXFileReference; explicitFileType = "wrapper.app-extension"; includeInIndex = 0; path = "MiniSpaceJourney Extension.appex"; sourceTree = BUILT_PRODUCTS_DIR; };
		8CBA170122B55C02004C8CEC /* GameScreenController.swift */ = {isa = PBXFileReference; lastKnownFileType = sourcecode.swift; path = GameScreenController.swift; sourceTree = "<group>"; };
		8CBA170322B55C02004C8CEC /* GameScene.sks */ = {isa = PBXFileReference; lastKnownFileType = file.sks; path = GameScene.sks; sourceTree = "<group>"; };
		8CBA170522B55C02004C8CEC /* GameScene.swift */ = {isa = PBXFileReference; lastKnownFileType = sourcecode.swift; path = GameScene.swift; sourceTree = "<group>"; };
		8CBA170722B55C02004C8CEC /* ExtensionDelegate.swift */ = {isa = PBXFileReference; lastKnownFileType = sourcecode.swift; path = ExtensionDelegate.swift; sourceTree = "<group>"; };
		8CBA170922B55C02004C8CEC /* Assets.xcassets */ = {isa = PBXFileReference; lastKnownFileType = folder.assetcatalog; path = Assets.xcassets; sourceTree = "<group>"; };
		8CBA170B22B55C02004C8CEC /* Info.plist */ = {isa = PBXFileReference; lastKnownFileType = text.plist.xml; path = Info.plist; sourceTree = "<group>"; };
		8CFD964822B7E0D9004F3A47 /* explosion.sks */ = {isa = PBXFileReference; lastKnownFileType = file.sks; path = explosion.sks; sourceTree = "<group>"; };
/* End PBXFileReference section */

/* Begin PBXFrameworksBuildPhase section */
		8CBA16D622B55BED004C8CEC /* Frameworks */ = {
			isa = PBXFrameworksBuildPhase;
			buildActionMask = 2147483647;
			files = (
			);
			runOnlyForDeploymentPostprocessing = 0;
		};
		8CBA16F922B55C01004C8CEC /* Frameworks */ = {
			isa = PBXFrameworksBuildPhase;
			buildActionMask = 2147483647;
			files = (
				8C20D80922B93E590075D13D /* SQLite.framework in Frameworks */,
				8C20D80822B93E530075D13D /* SQLite.framework in Frameworks */,
			);
			runOnlyForDeploymentPostprocessing = 0;
		};
/* End PBXFrameworksBuildPhase section */

/* Begin PBXGroup section */
		8C1DB81E22B8288D00BA62F3 /* Controller */ = {
			isa = PBXGroup;
			children = (
				8CBA170122B55C02004C8CEC /* GameScreenController.swift */,
				8C1DB82222B830D000BA62F3 /* MainMenuController.swift */,
				8C20D7E422B9363C0075D13D /* SettingsMenuController.swift */,
			);
			path = Controller;
			sourceTree = "<group>";
		};
		8C20D7E622B9368B0075D13D /* Helper */ = {
			isa = PBXGroup;
			children = (
				8C20D7E722B9369E0075D13D /* Database.swift */,
			);
			path = Helper;
			sourceTree = "<group>";
		};
		8C20D7EA22B93DB10075D13D /* Products */ = {
			isa = PBXGroup;
			children = (
				8C20D7F422B93DB10075D13D /* SQLite.framework */,
				8C20D7F622B93DB10075D13D /* SQLiteTests iOS.xctest */,
				8C20D7F822B93DB10075D13D /* SQLite.framework */,
				8C20D7FA22B93DB10075D13D /* SQLiteTests Mac.xctest */,
				8C20D7FC22B93DB10075D13D /* SQLite.framework */,
				8C20D7FE22B93DB10075D13D /* SQLiteTests tvOS.xctest */,
				8C20D80022B93DB10075D13D /* SQLite.framework */,
			);
			name = Products;
			sourceTree = "<group>";
		};
		8C20D80122B93DCF0075D13D /* Frameworks */ = {
			isa = PBXGroup;
			children = (
			);
			name = Frameworks;
			sourceTree = "<group>";
		};
		8CBA16D022B55BED004C8CEC = {
			isa = PBXGroup;
			children = (
				8CBA16DB22B55BED004C8CEC /* MiniSpaceJourneyApp */,
				8CBA16F122B55C01004C8CEC /* MiniSpaceJourney */,
				8CBA170022B55C02004C8CEC /* MiniSpaceJourney Extension */,
				8CBA16DA22B55BED004C8CEC /* Products */,
				8C20D7E922B93DB10075D13D /* SQLite.xcodeproj */,
				8C20D80122B93DCF0075D13D /* Frameworks */,
			);
			sourceTree = "<group>";
		};
		8CBA16DA22B55BED004C8CEC /* Products */ = {
			isa = PBXGroup;
			children = (
				8CBA16D922B55BED004C8CEC /* MiniSpaceJourneyApp.app */,
				8CBA16F022B55C01004C8CEC /* MiniSpaceJourney.app */,
				8CBA16FC22B55C01004C8CEC /* MiniSpaceJourney Extension.appex */,
			);
			name = Products;
			sourceTree = "<group>";
		};
		8CBA16DB22B55BED004C8CEC /* MiniSpaceJourneyApp */ = {
			isa = PBXGroup;
			children = (
				8CBA16DC22B55BED004C8CEC /* AppDelegate.swift */,
				8CBA16DE22B55BED004C8CEC /* ViewController.swift */,
				8CBA16E022B55BED004C8CEC /* Main.storyboard */,
				8CBA16E322B55BEE004C8CEC /* Assets.xcassets */,
				8CBA16E522B55BEE004C8CEC /* LaunchScreen.storyboard */,
				8CBA16E822B55BEE004C8CEC /* Info.plist */,
			);
			path = MiniSpaceJourneyApp;
			sourceTree = "<group>";
		};
		8CBA16F122B55C01004C8CEC /* MiniSpaceJourney */ = {
			isa = PBXGroup;
			children = (
				8CBA16F222B55C01004C8CEC /* Interface.storyboard */,
				8CBA16F522B55C01004C8CEC /* Assets.xcassets */,
				8CBA16F722B55C01004C8CEC /* Info.plist */,
			);
			path = MiniSpaceJourney;
			sourceTree = "<group>";
		};
		8CBA170022B55C02004C8CEC /* MiniSpaceJourney Extension */ = {
			isa = PBXGroup;
			children = (
				8C20D7E622B9368B0075D13D /* Helper */,
				8C1DB81E22B8288D00BA62F3 /* Controller */,
				8CBA170322B55C02004C8CEC /* GameScene.sks */,
				8CBA170522B55C02004C8CEC /* GameScene.swift */,
				8CBA170722B55C02004C8CEC /* ExtensionDelegate.swift */,
				8CBA170922B55C02004C8CEC /* Assets.xcassets */,
				8CBA170B22B55C02004C8CEC /* Info.plist */,
				8CFD964822B7E0D9004F3A47 /* explosion.sks */,
			);
			path = "MiniSpaceJourney Extension";
			sourceTree = "<group>";
		};
/* End PBXGroup section */

/* Begin PBXNativeTarget section */
		8CBA16D822B55BED004C8CEC /* MiniSpaceJourneyApp */ = {
			isa = PBXNativeTarget;
			buildConfigurationList = 8CBA16EB22B55BEE004C8CEC /* Build configuration list for PBXNativeTarget "MiniSpaceJourneyApp" */;
			buildPhases = (
				8CBA16D522B55BED004C8CEC /* Sources */,
				8CBA16D622B55BED004C8CEC /* Frameworks */,
				8CBA16D722B55BED004C8CEC /* Resources */,
				8CBA171622B55C02004C8CEC /* Embed Watch Content */,
			);
			buildRules = (
			);
			dependencies = (
				8CBA170D22B55C02004C8CEC /* PBXTargetDependency */,
			);
			name = MiniSpaceJourneyApp;
			productName = MiniSpaceJourneyIOS;
			productReference = 8CBA16D922B55BED004C8CEC /* MiniSpaceJourneyApp.app */;
			productType = "com.apple.product-type.application";
		};
		8CBA16EF22B55C01004C8CEC /* MiniSpaceJourney */ = {
			isa = PBXNativeTarget;
			buildConfigurationList = 8CBA171322B55C02004C8CEC /* Build configuration list for PBXNativeTarget "MiniSpaceJourney" */;
			buildPhases = (
				8CBA16EE22B55C01004C8CEC /* Resources */,
				8CBA171222B55C02004C8CEC /* Embed App Extensions */,
			);
			buildRules = (
			);
			dependencies = (
				8CBA16FF22B55C02004C8CEC /* PBXTargetDependency */,
			);
			name = MiniSpaceJourney;
			productName = MiniSpaceJourney;
			productReference = 8CBA16F022B55C01004C8CEC /* MiniSpaceJourney.app */;
			productType = "com.apple.product-type.application.watchapp2";
		};
		8CBA16FB22B55C01004C8CEC /* MiniSpaceJourney Extension */ = {
			isa = PBXNativeTarget;
			buildConfigurationList = 8CBA170F22B55C02004C8CEC /* Build configuration list for PBXNativeTarget "MiniSpaceJourney Extension" */;
			buildPhases = (
				8CBA16F822B55C01004C8CEC /* Sources */,
				8CBA16F922B55C01004C8CEC /* Frameworks */,
				8CBA16FA22B55C01004C8CEC /* Resources */,
				8C20D80D22B93E5A0075D13D /* Embed Frameworks */,
			);
			buildRules = (
			);
			dependencies = (
				8C20D80C22B93E590075D13D /* PBXTargetDependency */,
			);
			name = "MiniSpaceJourney Extension";
			productName = "MiniSpaceJourney Extension";
			productReference = 8CBA16FC22B55C01004C8CEC /* MiniSpaceJourney Extension.appex */;
			productType = "com.apple.product-type.watchkit2-extension";
		};
/* End PBXNativeTarget section */

/* Begin PBXProject section */
		8CBA16D122B55BED004C8CEC /* Project object */ = {
			isa = PBXProject;
			attributes = {
				LastSwiftUpdateCheck = 1020;
				LastUpgradeCheck = 1020;
				ORGANIZATIONNAME = "Daniil Popov";
				TargetAttributes = {
					8CBA16D822B55BED004C8CEC = {
						CreatedOnToolsVersion = 10.2.1;
					};
					8CBA16EF22B55C01004C8CEC = {
						CreatedOnToolsVersion = 10.2.1;
						LastSwiftMigration = 1020;
					};
					8CBA16FB22B55C01004C8CEC = {
						CreatedOnToolsVersion = 10.2.1;
					};
				};
			};
			buildConfigurationList = 8CBA16D422B55BED004C8CEC /* Build configuration list for PBXProject "MiniSpaceJourneyApp" */;
			compatibilityVersion = "Xcode 10.0";
			developmentRegion = en;
			hasScannedForEncodings = 0;
			knownRegions = (
				en,
				Base,
			);
			mainGroup = 8CBA16D022B55BED004C8CEC;
			productRefGroup = 8CBA16DA22B55BED004C8CEC /* Products */;
			projectDirPath = "";
			projectReferences = (
				{
					ProductGroup = 8C20D7EA22B93DB10075D13D /* Products */;
					ProjectRef = 8C20D7E922B93DB10075D13D /* SQLite.xcodeproj */;
				},
			);
			projectRoot = "";
			targets = (
				8CBA16D822B55BED004C8CEC /* MiniSpaceJourneyApp */,
				8CBA16EF22B55C01004C8CEC /* MiniSpaceJourney */,
				8CBA16FB22B55C01004C8CEC /* MiniSpaceJourney Extension */,
			);
		};
/* End PBXProject section */

/* Begin PBXReferenceProxy section */
		8C20D7F422B93DB10075D13D /* SQLite.framework */ = {
			isa = PBXReferenceProxy;
			fileType = wrapper.framework;
			path = SQLite.framework;
			remoteRef = 8C20D7F322B93DB10075D13D /* PBXContainerItemProxy */;
			sourceTree = BUILT_PRODUCTS_DIR;
		};
		8C20D7F622B93DB10075D13D /* SQLiteTests iOS.xctest */ = {
			isa = PBXReferenceProxy;
			fileType = wrapper.cfbundle;
			path = "SQLiteTests iOS.xctest";
			remoteRef = 8C20D7F522B93DB10075D13D /* PBXContainerItemProxy */;
			sourceTree = BUILT_PRODUCTS_DIR;
		};
		8C20D7F822B93DB10075D13D /* SQLite.framework */ = {
			isa = PBXReferenceProxy;
			fileType = wrapper.framework;
			path = SQLite.framework;
			remoteRef = 8C20D7F722B93DB10075D13D /* PBXContainerItemProxy */;
			sourceTree = BUILT_PRODUCTS_DIR;
		};
		8C20D7FA22B93DB10075D13D /* SQLiteTests Mac.xctest */ = {
			isa = PBXReferenceProxy;
			fileType = wrapper.cfbundle;
			path = "SQLiteTests Mac.xctest";
			remoteRef = 8C20D7F922B93DB10075D13D /* PBXContainerItemProxy */;
			sourceTree = BUILT_PRODUCTS_DIR;
		};
		8C20D7FC22B93DB10075D13D /* SQLite.framework */ = {
			isa = PBXReferenceProxy;
			fileType = wrapper.framework;
			path = SQLite.framework;
			remoteRef = 8C20D7FB22B93DB10075D13D /* PBXContainerItemProxy */;
			sourceTree = BUILT_PRODUCTS_DIR;
		};
		8C20D7FE22B93DB10075D13D /* SQLiteTests tvOS.xctest */ = {
			isa = PBXReferenceProxy;
			fileType = wrapper.cfbundle;
			path = "SQLiteTests tvOS.xctest";
			remoteRef = 8C20D7FD22B93DB10075D13D /* PBXContainerItemProxy */;
			sourceTree = BUILT_PRODUCTS_DIR;
		};
		8C20D80022B93DB10075D13D /* SQLite.framework */ = {
			isa = PBXReferenceProxy;
			fileType = wrapper.framework;
			path = SQLite.framework;
			remoteRef = 8C20D7FF22B93DB10075D13D /* PBXContainerItemProxy */;
			sourceTree = BUILT_PRODUCTS_DIR;
		};
/* End PBXReferenceProxy section */

/* Begin PBXResourcesBuildPhase section */
		8CBA16D722B55BED004C8CEC /* Resources */ = {
			isa = PBXResourcesBuildPhase;
			buildActionMask = 2147483647;
			files = (
				8CBA16E722B55BEE004C8CEC /* LaunchScreen.storyboard in Resources */,
				8CBA16E422B55BEE004C8CEC /* Assets.xcassets in Resources */,
				8CBA16E222B55BED004C8CEC /* Main.storyboard in Resources */,
			);
			runOnlyForDeploymentPostprocessing = 0;
		};
		8CBA16EE22B55C01004C8CEC /* Resources */ = {
			isa = PBXResourcesBuildPhase;
			buildActionMask = 2147483647;
			files = (
				8CBA16F622B55C01004C8CEC /* Assets.xcassets in Resources */,
				8CBA16F422B55C01004C8CEC /* Interface.storyboard in Resources */,
			);
			runOnlyForDeploymentPostprocessing = 0;
		};
		8CBA16FA22B55C01004C8CEC /* Resources */ = {
			isa = PBXResourcesBuildPhase;
			buildActionMask = 2147483647;
			files = (
				8CBA170A22B55C02004C8CEC /* Assets.xcassets in Resources */,
				8CFD964922B7E0D9004F3A47 /* explosion.sks in Resources */,
				8C06A09122B55D9B009A0921 /* Assets.xcassets in Resources */,
				8CBA170422B55C02004C8CEC /* GameScene.sks in Resources */,
			);
			runOnlyForDeploymentPostprocessing = 0;
		};
/* End PBXResourcesBuildPhase section */

/* Begin PBXSourcesBuildPhase section */
		8CBA16D522B55BED004C8CEC /* Sources */ = {
			isa = PBXSourcesBuildPhase;
			buildActionMask = 2147483647;
			files = (
				8CBA16DF22B55BED004C8CEC /* ViewController.swift in Sources */,
				8CBA16DD22B55BED004C8CEC /* AppDelegate.swift in Sources */,
			);
			runOnlyForDeploymentPostprocessing = 0;
		};
		8CBA16F822B55C01004C8CEC /* Sources */ = {
			isa = PBXSourcesBuildPhase;
			buildActionMask = 2147483647;
			files = (
				8C20D7E822B9369E0075D13D /* Database.swift in Sources */,
				8CBA170622B55C02004C8CEC /* GameScene.swift in Sources */,
				8CBA170222B55C02004C8CEC /* GameScreenController.swift in Sources */,
				8C20D7E522B9363C0075D13D /* SettingsMenuController.swift in Sources */,
				8C1DB82322B830D000BA62F3 /* MainMenuController.swift in Sources */,
				8CBA170822B55C02004C8CEC /* ExtensionDelegate.swift in Sources */,
			);
			runOnlyForDeploymentPostprocessing = 0;
		};
/* End PBXSourcesBuildPhase section */

/* Begin PBXTargetDependency section */
		8C20D80C22B93E590075D13D /* PBXTargetDependency */ = {
			isa = PBXTargetDependency;
			name = "SQLite watchOS";
			targetProxy = 8C20D80B22B93E590075D13D /* PBXContainerItemProxy */;
		};
		8CBA16FF22B55C02004C8CEC /* PBXTargetDependency */ = {
			isa = PBXTargetDependency;
			target = 8CBA16FB22B55C01004C8CEC /* MiniSpaceJourney Extension */;
			targetProxy = 8CBA16FE22B55C02004C8CEC /* PBXContainerItemProxy */;
		};
		8CBA170D22B55C02004C8CEC /* PBXTargetDependency */ = {
			isa = PBXTargetDependency;
			target = 8CBA16EF22B55C01004C8CEC /* MiniSpaceJourney */;
			targetProxy = 8CBA170C22B55C02004C8CEC /* PBXContainerItemProxy */;
		};
/* End PBXTargetDependency section */

/* Begin PBXVariantGroup section */
		8CBA16E022B55BED004C8CEC /* Main.storyboard */ = {
			isa = PBXVariantGroup;
			children = (
				8CBA16E122B55BED004C8CEC /* Base */,
			);
			name = Main.storyboard;
			sourceTree = "<group>";
		};
		8CBA16E522B55BEE004C8CEC /* LaunchScreen.storyboard */ = {
			isa = PBXVariantGroup;
			children = (
				8CBA16E622B55BEE004C8CEC /* Base */,
			);
			name = LaunchScreen.storyboard;
			sourceTree = "<group>";
		};
		8CBA16F222B55C01004C8CEC /* Interface.storyboard */ = {
			isa = PBXVariantGroup;
			children = (
				8CBA16F322B55C01004C8CEC /* Base */,
			);
			name = Interface.storyboard;
			sourceTree = "<group>";
		};
/* End PBXVariantGroup section */

/* Begin XCBuildConfiguration section */
		8CBA16E922B55BEE004C8CEC /* Debug */ = {
			isa = XCBuildConfiguration;
			buildSettings = {
				ALWAYS_SEARCH_USER_PATHS = NO;
				CLANG_ANALYZER_NONNULL = YES;
				CLANG_ANALYZER_NUMBER_OBJECT_CONVERSION = YES_AGGRESSIVE;
				CLANG_CXX_LANGUAGE_STANDARD = "gnu++14";
				CLANG_CXX_LIBRARY = "libc++";
				CLANG_ENABLE_MODULES = YES;
				CLANG_ENABLE_OBJC_ARC = YES;
				CLANG_ENABLE_OBJC_WEAK = YES;
				CLANG_WARN_BLOCK_CAPTURE_AUTORELEASING = YES;
				CLANG_WARN_BOOL_CONVERSION = YES;
				CLANG_WARN_COMMA = YES;
				CLANG_WARN_CONSTANT_CONVERSION = YES;
				CLANG_WARN_DEPRECATED_OBJC_IMPLEMENTATIONS = YES;
				CLANG_WARN_DIRECT_OBJC_ISA_USAGE = YES_ERROR;
				CLANG_WARN_DOCUMENTATION_COMMENTS = YES;
				CLANG_WARN_EMPTY_BODY = YES;
				CLANG_WARN_ENUM_CONVERSION = YES;
				CLANG_WARN_INFINITE_RECURSION = YES;
				CLANG_WARN_INT_CONVERSION = YES;
				CLANG_WARN_NON_LITERAL_NULL_CONVERSION = YES;
				CLANG_WARN_OBJC_IMPLICIT_RETAIN_SELF = YES;
				CLANG_WARN_OBJC_LITERAL_CONVERSION = YES;
				CLANG_WARN_OBJC_ROOT_CLASS = YES_ERROR;
				CLANG_WARN_RANGE_LOOP_ANALYSIS = YES;
				CLANG_WARN_STRICT_PROTOTYPES = YES;
				CLANG_WARN_SUSPICIOUS_MOVE = YES;
				CLANG_WARN_UNGUARDED_AVAILABILITY = YES_AGGRESSIVE;
				CLANG_WARN_UNREACHABLE_CODE = YES;
				CLANG_WARN__DUPLICATE_METHOD_MATCH = YES;
				CODE_SIGN_IDENTITY = "iPhone Developer";
				COPY_PHASE_STRIP = NO;
				DEBUG_INFORMATION_FORMAT = dwarf;
				ENABLE_STRICT_OBJC_MSGSEND = YES;
				ENABLE_TESTABILITY = YES;
				GCC_C_LANGUAGE_STANDARD = gnu11;
				GCC_DYNAMIC_NO_PIC = NO;
				GCC_NO_COMMON_BLOCKS = YES;
				GCC_OPTIMIZATION_LEVEL = 0;
				GCC_PREPROCESSOR_DEFINITIONS = (
					"DEBUG=1",
					"$(inherited)",
				);
				GCC_WARN_64_TO_32_BIT_CONVERSION = YES;
				GCC_WARN_ABOUT_RETURN_TYPE = YES_ERROR;
				GCC_WARN_UNDECLARED_SELECTOR = YES;
				GCC_WARN_UNINITIALIZED_AUTOS = YES_AGGRESSIVE;
				GCC_WARN_UNUSED_FUNCTION = YES;
				GCC_WARN_UNUSED_VARIABLE = YES;
				IPHONEOS_DEPLOYMENT_TARGET = 12.2;
				MTL_ENABLE_DEBUG_INFO = INCLUDE_SOURCE;
				MTL_FAST_MATH = YES;
				ONLY_ACTIVE_ARCH = YES;
				SDKROOT = iphoneos;
				SWIFT_ACTIVE_COMPILATION_CONDITIONS = DEBUG;
				SWIFT_OPTIMIZATION_LEVEL = "-Onone";
			};
			name = Debug;
		};
		8CBA16EA22B55BEE004C8CEC /* Release */ = {
			isa = XCBuildConfiguration;
			buildSettings = {
				ALWAYS_SEARCH_USER_PATHS = NO;
				CLANG_ANALYZER_NONNULL = YES;
				CLANG_ANALYZER_NUMBER_OBJECT_CONVERSION = YES_AGGRESSIVE;
				CLANG_CXX_LANGUAGE_STANDARD = "gnu++14";
				CLANG_CXX_LIBRARY = "libc++";
				CLANG_ENABLE_MODULES = YES;
				CLANG_ENABLE_OBJC_ARC = YES;
				CLANG_ENABLE_OBJC_WEAK = YES;
				CLANG_WARN_BLOCK_CAPTURE_AUTORELEASING = YES;
				CLANG_WARN_BOOL_CONVERSION = YES;
				CLANG_WARN_COMMA = YES;
				CLANG_WARN_CONSTANT_CONVERSION = YES;
				CLANG_WARN_DEPRECATED_OBJC_IMPLEMENTATIONS = YES;
				CLANG_WARN_DIRECT_OBJC_ISA_USAGE = YES_ERROR;
				CLANG_WARN_DOCUMENTATION_COMMENTS = YES;
				CLANG_WARN_EMPTY_BODY = YES;
				CLANG_WARN_ENUM_CONVERSION = YES;
				CLANG_WARN_INFINITE_RECURSION = YES;
				CLANG_WARN_INT_CONVERSION = YES;
				CLANG_WARN_NON_LITERAL_NULL_CONVERSION = YES;
				CLANG_WARN_OBJC_IMPLICIT_RETAIN_SELF = YES;
				CLANG_WARN_OBJC_LITERAL_CONVERSION = YES;
				CLANG_WARN_OBJC_ROOT_CLASS = YES_ERROR;
				CLANG_WARN_RANGE_LOOP_ANALYSIS = YES;
				CLANG_WARN_STRICT_PROTOTYPES = YES;
				CLANG_WARN_SUSPICIOUS_MOVE = YES;
				CLANG_WARN_UNGUARDED_AVAILABILITY = YES_AGGRESSIVE;
				CLANG_WARN_UNREACHABLE_CODE = YES;
				CLANG_WARN__DUPLICATE_METHOD_MATCH = YES;
				CODE_SIGN_IDENTITY = "iPhone Developer";
				COPY_PHASE_STRIP = NO;
				DEBUG_INFORMATION_FORMAT = "dwarf-with-dsym";
				ENABLE_NS_ASSERTIONS = NO;
				ENABLE_STRICT_OBJC_MSGSEND = YES;
				GCC_C_LANGUAGE_STANDARD = gnu11;
				GCC_NO_COMMON_BLOCKS = YES;
				GCC_WARN_64_TO_32_BIT_CONVERSION = YES;
				GCC_WARN_ABOUT_RETURN_TYPE = YES_ERROR;
				GCC_WARN_UNDECLARED_SELECTOR = YES;
				GCC_WARN_UNINITIALIZED_AUTOS = YES_AGGRESSIVE;
				GCC_WARN_UNUSED_FUNCTION = YES;
				GCC_WARN_UNUSED_VARIABLE = YES;
				IPHONEOS_DEPLOYMENT_TARGET = 12.2;
				MTL_ENABLE_DEBUG_INFO = NO;
				MTL_FAST_MATH = YES;
				SDKROOT = iphoneos;
				SWIFT_COMPILATION_MODE = wholemodule;
				SWIFT_OPTIMIZATION_LEVEL = "-O";
				VALIDATE_PRODUCT = YES;
			};
			name = Release;
		};
		8CBA16EC22B55BEE004C8CEC /* Debug */ = {
			isa = XCBuildConfiguration;
			buildSettings = {
				ASSETCATALOG_COMPILER_APPICON_NAME = AppIcon;
				CODE_SIGN_IDENTITY = "iPhone Developer";
				CODE_SIGN_STYLE = Manual;
				DEVELOPMENT_TEAM = "";
				INFOPLIST_FILE = "$(SRCROOT)/MiniSpaceJourneyApp/Info.plist";
				LD_RUNPATH_SEARCH_PATHS = (
					"$(inherited)",
					"@executable_path/Frameworks",
				);
				PRODUCT_BUNDLE_IDENTIFIER = com.Popov.Daniil.MiniSpaceJourneyApp;
				PRODUCT_NAME = "$(TARGET_NAME)";
				PROVISIONING_PROFILE_SPECIFIER = "";
				SWIFT_VERSION = 5.0;
				TARGETED_DEVICE_FAMILY = 1;
			};
			name = Debug;
		};
		8CBA16ED22B55BEE004C8CEC /* Release */ = {
			isa = XCBuildConfiguration;
			buildSettings = {
				ASSETCATALOG_COMPILER_APPICON_NAME = AppIcon;
				CODE_SIGN_IDENTITY = "iPhone Developer";
				CODE_SIGN_STYLE = Manual;
				DEVELOPMENT_TEAM = "";
				INFOPLIST_FILE = "$(SRCROOT)/MiniSpaceJourneyApp/Info.plist";
				LD_RUNPATH_SEARCH_PATHS = (
					"$(inherited)",
					"@executable_path/Frameworks",
				);
				PRODUCT_BUNDLE_IDENTIFIER = com.Popov.Daniil.MiniSpaceJourneyApp;
				PRODUCT_NAME = "$(TARGET_NAME)";
				PROVISIONING_PROFILE_SPECIFIER = "";
				SWIFT_VERSION = 5.0;
				TARGETED_DEVICE_FAMILY = 1;
			};
			name = Release;
		};
		8CBA171022B55C02004C8CEC /* Debug */ = {
			isa = XCBuildConfiguration;
			buildSettings = {
				ASSETCATALOG_COMPILER_COMPLICATION_NAME = Complication;
				CODE_SIGN_STYLE = Automatic;
				DEVELOPMENT_TEAM = PPKSE537F6;
				INFOPLIST_FILE = "MiniSpaceJourney Extension/Info.plist";
				LD_RUNPATH_SEARCH_PATHS = (
					"$(inherited)",
					"@executable_path/Frameworks",
					"@executable_path/../../Frameworks",
				);
				PRODUCT_BUNDLE_IDENTIFIER = com.Popov.Daniil.MiniSpaceJourneyApp.watchkitapp.watchkitextension;
				PRODUCT_NAME = "${TARGET_NAME}";
				SDKROOT = watchos;
				SKIP_INSTALL = YES;
				SWIFT_VERSION = 5.0;
				TARGETED_DEVICE_FAMILY = 4;
				WATCHOS_DEPLOYMENT_TARGET = 5.2;
			};
			name = Debug;
		};
		8CBA171122B55C02004C8CEC /* Release */ = {
			isa = XCBuildConfiguration;
			buildSettings = {
				ASSETCATALOG_COMPILER_COMPLICATION_NAME = Complication;
				CODE_SIGN_STYLE = Automatic;
				DEVELOPMENT_TEAM = PPKSE537F6;
				INFOPLIST_FILE = "MiniSpaceJourney Extension/Info.plist";
				LD_RUNPATH_SEARCH_PATHS = (
					"$(inherited)",
					"@executable_path/Frameworks",
					"@executable_path/../../Frameworks",
				);
				PRODUCT_BUNDLE_IDENTIFIER = com.Popov.Daniil.MiniSpaceJourneyApp.watchkitapp.watchkitextension;
				PRODUCT_NAME = "${TARGET_NAME}";
				SDKROOT = watchos;
				SKIP_INSTALL = YES;
				SWIFT_VERSION = 5.0;
				TARGETED_DEVICE_FAMILY = 4;
				WATCHOS_DEPLOYMENT_TARGET = 5.2;
			};
			name = Release;
		};
		8CBA171422B55C02004C8CEC /* Debug */ = {
			isa = XCBuildConfiguration;
			buildSettings = {
				ALWAYS_EMBED_SWIFT_STANDARD_LIBRARIES = YES;
				ASSETCATALOG_COMPILER_APPICON_NAME = AppIcon;
				CLANG_ENABLE_MODULES = YES;
				CODE_SIGN_STYLE = Automatic;
				DEVELOPMENT_TEAM = PPKSE537F6;
				IBSC_MODULE = MiniSpaceJourney_Extension;
				INFOPLIST_FILE = MiniSpaceJourney/Info.plist;
				LD_RUNPATH_SEARCH_PATHS = (
					"$(inherited)",
					"@executable_path/../Frameworks",
					"@loader_path/../Frameworks",
				);
				PRODUCT_BUNDLE_IDENTIFIER = com.Popov.Daniil.MiniSpaceJourneyApp.watchkitapp;
				PRODUCT_NAME = "$(TARGET_NAME)";
				SDKROOT = watchos;
				SKIP_INSTALL = YES;
				SWIFT_OBJC_BRIDGING_HEADER = "MiniSpaceJourney Extension/Controller/MiniSpaceJourney-Bridging-Header.h";
				SWIFT_OPTIMIZATION_LEVEL = "-Onone";
				SWIFT_VERSION = 5.0;
				TARGETED_DEVICE_FAMILY = 4;
				WATCHOS_DEPLOYMENT_TARGET = 5.2;
			};
			name = Debug;
		};
		8CBA171522B55C02004C8CEC /* Release */ = {
			isa = XCBuildConfiguration;
			buildSettings = {
				ALWAYS_EMBED_SWIFT_STANDARD_LIBRARIES = YES;
				ASSETCATALOG_COMPILER_APPICON_NAME = AppIcon;
				CLANG_ENABLE_MODULES = YES;
				CODE_SIGN_STYLE = Automatic;
				DEVELOPMENT_TEAM = PPKSE537F6;
				IBSC_MODULE = MiniSpaceJourney_Extension;
				INFOPLIST_FILE = MiniSpaceJourney/Info.plist;
				LD_RUNPATH_SEARCH_PATHS = (
					"$(inherited)",
					"@executable_path/../Frameworks",
					"@loader_path/../Frameworks",
				);
				PRODUCT_BUNDLE_IDENTIFIER = com.Popov.Daniil.MiniSpaceJourneyApp.watchkitapp;
				PRODUCT_NAME = "$(TARGET_NAME)";
				SDKROOT = watchos;
				SKIP_INSTALL = YES;
				SWIFT_OBJC_BRIDGING_HEADER = "MiniSpaceJourney Extension/Controller/MiniSpaceJourney-Bridging-Header.h";
				SWIFT_VERSION = 5.0;
				TARGETED_DEVICE_FAMILY = 4;
				WATCHOS_DEPLOYMENT_TARGET = 5.2;
			};
			name = Release;
		};
/* End XCBuildConfiguration section */

/* Begin XCConfigurationList section */
		8CBA16D422B55BED004C8CEC /* Build configuration list for PBXProject "MiniSpaceJourneyApp" */ = {
			isa = XCConfigurationList;
			buildConfigurations = (
				8CBA16E922B55BEE004C8CEC /* Debug */,
				8CBA16EA22B55BEE004C8CEC /* Release */,
			);
			defaultConfigurationIsVisible = 0;
			defaultConfigurationName = Release;
		};
		8CBA16EB22B55BEE004C8CEC /* Build configuration list for PBXNativeTarget "MiniSpaceJourneyApp" */ = {
			isa = XCConfigurationList;
			buildConfigurations = (
				8CBA16EC22B55BEE004C8CEC /* Debug */,
				8CBA16ED22B55BEE004C8CEC /* Release */,
			);
			defaultConfigurationIsVisible = 0;
			defaultConfigurationName = Release;
		};
		8CBA170F22B55C02004C8CEC /* Build configuration list for PBXNativeTarget "MiniSpaceJourney Extension" */ = {
			isa = XCConfigurationList;
			buildConfigurations = (
				8CBA171022B55C02004C8CEC /* Debug */,
				8CBA171122B55C02004C8CEC /* Release */,
			);
			defaultConfigurationIsVisible = 0;
			defaultConfigurationName = Release;
		};
		8CBA171322B55C02004C8CEC /* Build configuration list for PBXNativeTarget "MiniSpaceJourney" */ = {
			isa = XCConfigurationList;
			buildConfigurations = (
				8CBA171422B55C02004C8CEC /* Debug */,
				8CBA171522B55C02004C8CEC /* Release */,
			);
			defaultConfigurationIsVisible = 0;
			defaultConfigurationName = Release;
		};
/* End XCConfigurationList section */
	};
	rootObject = 8CBA16D122B55BED004C8CEC /* Project object */;
}
